
Microsoft Visual Studio Solution File, Format Version 12.00
# Visual Studio Version 17
VisualStudioVersion = 17.2.32630.192
MinimumVisualStudioVersion = 10.0.40219.1
Project("{FAE04EC0-301F-11D3-BF4B-00C04F79EFBC}") = "Kiln", "Kiln.csproj", "{B615A739-BD1B-42B8-A6CD-EB3249D00CB5}"
EndProject
Global
	GlobalSection(SolutionConfigurationPlatforms) = preSolution
		Debug|Any CPU = Debug|Any CPU
		Release|Any CPU = Release|Any CPU
	EndGlobalSection
	GlobalSection(ProjectConfigurationPlatforms) = postSolution
		{B615A739-BD1B-42B8-A6CD-EB3249D00CB5}.Debug|Any CPU.ActiveCfg = Debug|Any CPU
		{B615A739-BD1B-42B8-A6CD-EB3249D00CB5}.Debug|Any CPU.Build.0 = Debug|Any CPU
		{B615A739-BD1B-42B8-A6CD-EB3249D00CB5}.Release|Any CPU.ActiveCfg = Release|Any CPU
		{B615A739-BD1B-42B8-A6CD-EB3249D00CB5}.Release|Any CPU.Build.0 = Release|Any CPU
	EndGlobalSection
	GlobalSection(SolutionProperties) = preSolution
		HideSolutionNode = FALSE
	EndGlobalSection
	GlobalSection(ExtensibilityGlobals) = postSolution
		SolutionGuid = {339C67E5-7A78-4F8D-AABE-C4B506A54828}
	EndGlobalSection
EndGlobal
